
Microsoft Visual Studio Solution File, Format Version 12.00
# Visual Studio Version 16
VisualStudioVersion = 16.0.29503.13
MinimumVisualStudioVersion = 10.0.40219.1
Project("{FAE04EC0-301F-11D3-BF4B-00C04F79EFBC}") = "DotNetGitVersion", "DotNetGitVersion\DotNetGitVersion.csproj", "{630B2C83-BAD7-493D-B72D-0521A73E6C1C}"
EndProject
Global
	GlobalSection(SolutionConfigurationPlatforms) = preSolution
		Debug|Any CPU = Debug|Any CPU
		Release|Any CPU = Release|Any CPU
	EndGlobalSection
	GlobalSection(ProjectConfigurationPlatforms) = postSolution
		{630B2C83-BAD7-493D-B72D-0521A73E6C1C}.Debug|Any CPU.ActiveCfg = Debug|Any CPU
		{630B2C83-BAD7-493D-B72D-0521A73E6C1C}.Debug|Any CPU.Build.0 = Debug|Any CPU
		{630B2C83-BAD7-493D-B72D-0521A73E6C1C}.Release|Any CPU.ActiveCfg = Release|Any CPU
		{630B2C83-BAD7-493D-B72D-0521A73E6C1C}.Release|Any CPU.Build.0 = Release|Any CPU
	EndGlobalSection
	GlobalSection(SolutionProperties) = preSolution
		HideSolutionNode = FALSE
	EndGlobalSection
	GlobalSection(ExtensibilityGlobals) = postSolution
		SolutionGuid = {1F5320C7-694A-4194-B1C6-9E4BCE252C72}
	EndGlobalSection
EndGlobal
